
Microsoft Visual Studio Solution File, Format Version 12.00
# Visual Studio Version 17
VisualStudioVersion = 17.12.35527.113 d17.12
MinimumVisualStudioVersion = 10.0.40219.1
Project("{2150E333-8FDC-42A3-9474-1A3956D46DE8}") = "src", "src", "{5B56377F-9450-492A-80B2-10109624FBEF}"
EndProject
Project("{2150E333-8FDC-42A3-9474-1A3956D46DE8}") = "Shared", "Shared", "{48CE41DA-E273-45E0-8633-B518260194DB}"
EndProject
Project("{FAE04EC0-301F-11D3-BF4B-00C04F79EFBC}") = "SharedLayer", "SharedLayer\SharedLayer.csproj", "{6BE0E2E9-51D4-4A1A-B469-2361355682CE}"
EndProject
Project("{2150E333-8FDC-42A3-9474-1A3956D46DE8}") = "ProductService", "ProductService", "{8BFC8E93-C2D8-4BDA-8B5D-34F6D95B6890}"
EndProject
Project("{FAE04EC0-301F-11D3-BF4B-00C04F79EFBC}") = "ProductServiceAPI", "ProductServiceAPI\ProductServiceAPI.csproj", "{2C050816-0724-4D81-BDF4-C68E7FF346E0}"
EndProject
Project("{FAE04EC0-301F-11D3-BF4B-00C04F79EFBC}") = "Application", "Application\Application.csproj", "{A47FF3BE-E1BE-4B5B-AF92-14801E97FDF5}"
EndProject
Project("{FAE04EC0-301F-11D3-BF4B-00C04F79EFBC}") = "Infrastructure", "Infrastructure\Infrastructure.csproj", "{26448D31-B0C0-482F-9BA7-BDB63000FE85}"
EndProject
Project("{2150E333-8FDC-42A3-9474-1A3956D46DE8}") = "LogService", "LogService", "{50BEC321-F20D-4F62-A062-0FA8F08F3BF4}"
EndProject
Project("{FAE04EC0-301F-11D3-BF4B-00C04F79EFBC}") = "Infrastructure", "src\LogService\Infrastructure\Infrastructure.csproj", "{EBBBF709-5566-463F-97C0-BEB4818C7284}"
EndProject
Project("{FAE04EC0-301F-11D3-BF4B-00C04F79EFBC}") = "LogServiceAPI", "src\LogService\LogServiceAPI\LogServiceAPI.csproj", "{00750E0F-9445-4726-BE1F-3C4EC0650E83}"
EndProject
Global
	GlobalSection(SolutionConfigurationPlatforms) = preSolution
		Debug|Any CPU = Debug|Any CPU
		Release|Any CPU = Release|Any CPU
	EndGlobalSection
	GlobalSection(ProjectConfigurationPlatforms) = postSolution
		{6BE0E2E9-51D4-4A1A-B469-2361355682CE}.Debug|Any CPU.ActiveCfg = Debug|Any CPU
		{6BE0E2E9-51D4-4A1A-B469-2361355682CE}.Debug|Any CPU.Build.0 = Debug|Any CPU
		{6BE0E2E9-51D4-4A1A-B469-2361355682CE}.Release|Any CPU.ActiveCfg = Release|Any CPU
		{6BE0E2E9-51D4-4A1A-B469-2361355682CE}.Release|Any CPU.Build.0 = Release|Any CPU
		{2C050816-0724-4D81-BDF4-C68E7FF346E0}.Debug|Any CPU.ActiveCfg = Debug|Any CPU
		{2C050816-0724-4D81-BDF4-C68E7FF346E0}.Debug|Any CPU.Build.0 = Debug|Any CPU
		{2C050816-0724-4D81-BDF4-C68E7FF346E0}.Release|Any CPU.ActiveCfg = Release|Any CPU
		{2C050816-0724-4D81-BDF4-C68E7FF346E0}.Release|Any CPU.Build.0 = Release|Any CPU
		{A47FF3BE-E1BE-4B5B-AF92-14801E97FDF5}.Debug|Any CPU.ActiveCfg = Debug|Any CPU
		{A47FF3BE-E1BE-4B5B-AF92-14801E97FDF5}.Debug|Any CPU.Build.0 = Debug|Any CPU
		{A47FF3BE-E1BE-4B5B-AF92-14801E97FDF5}.Release|Any CPU.ActiveCfg = Release|Any CPU
		{A47FF3BE-E1BE-4B5B-AF92-14801E97FDF5}.Release|Any CPU.Build.0 = Release|Any CPU
		{26448D31-B0C0-482F-9BA7-BDB63000FE85}.Debug|Any CPU.ActiveCfg = Debug|Any CPU
		{26448D31-B0C0-482F-9BA7-BDB63000FE85}.Debug|Any CPU.Build.0 = Debug|Any CPU
		{26448D31-B0C0-482F-9BA7-BDB63000FE85}.Release|Any CPU.ActiveCfg = Release|Any CPU
		{26448D31-B0C0-482F-9BA7-BDB63000FE85}.Release|Any CPU.Build.0 = Release|Any CPU
		{EBBBF709-5566-463F-97C0-BEB4818C7284}.Debug|Any CPU.ActiveCfg = Debug|Any CPU
		{EBBBF709-5566-463F-97C0-BEB4818C7284}.Debug|Any CPU.Build.0 = Debug|Any CPU
		{EBBBF709-5566-463F-97C0-BEB4818C7284}.Release|Any CPU.ActiveCfg = Release|Any CPU
		{EBBBF709-5566-463F-97C0-BEB4818C7284}.Release|Any CPU.Build.0 = Release|Any CPU
		{00750E0F-9445-4726-BE1F-3C4EC0650E83}.Debug|Any CPU.ActiveCfg = Debug|Any CPU
		{00750E0F-9445-4726-BE1F-3C4EC0650E83}.Debug|Any CPU.Build.0 = Debug|Any CPU
		{00750E0F-9445-4726-BE1F-3C4EC0650E83}.Release|Any CPU.ActiveCfg = Release|Any CPU
		{00750E0F-9445-4726-BE1F-3C4EC0650E83}.Release|Any CPU.Build.0 = Release|Any CPU
	EndGlobalSection
	GlobalSection(SolutionProperties) = preSolution
		HideSolutionNode = FALSE
	EndGlobalSection
	GlobalSection(NestedProjects) = preSolution
		{48CE41DA-E273-45E0-8633-B518260194DB} = {5B56377F-9450-492A-80B2-10109624FBEF}
		{6BE0E2E9-51D4-4A1A-B469-2361355682CE} = {48CE41DA-E273-45E0-8633-B518260194DB}
		{8BFC8E93-C2D8-4BDA-8B5D-34F6D95B6890} = {5B56377F-9450-492A-80B2-10109624FBEF}
		{2C050816-0724-4D81-BDF4-C68E7FF346E0} = {8BFC8E93-C2D8-4BDA-8B5D-34F6D95B6890}
		{A47FF3BE-E1BE-4B5B-AF92-14801E97FDF5} = {8BFC8E93-C2D8-4BDA-8B5D-34F6D95B6890}
		{26448D31-B0C0-482F-9BA7-BDB63000FE85} = {8BFC8E93-C2D8-4BDA-8B5D-34F6D95B6890}
		{50BEC321-F20D-4F62-A062-0FA8F08F3BF4} = {5B56377F-9450-492A-80B2-10109624FBEF}
		{EBBBF709-5566-463F-97C0-BEB4818C7284} = {50BEC321-F20D-4F62-A062-0FA8F08F3BF4}
		{00750E0F-9445-4726-BE1F-3C4EC0650E83} = {50BEC321-F20D-4F62-A062-0FA8F08F3BF4}
	EndGlobalSection
EndGlobal
